Microsoft Visual Studio Solution File, Format Version 12.00
# Visual Studio Version 17
VisualStudioVersion = 17.5.2.0
MinimumVisualStudioVersion = 10.0.40219.1
Project("{FAE04EC0-301F-11D3-BF4B-00C04F79EFBC}") = "TapTitans2AlchemyCalculator", "TapTitans2AlchemyCalculator\TapTitans2AlchemyCalculator.csproj", "{843FCF1A-9426-ABF9-7341-94EF36C83F33}"
EndProject
Global
	GlobalSection(SolutionConfigurationPlatforms) = preSolution
		Debug|Any CPU = Debug|Any CPU
		Release|Any CPU = Release|Any CPU
	EndGlobalSection
	GlobalSection(ProjectConfigurationPlatforms) = postSolution
		{843FCF1A-9426-ABF9-7341-94EF36C83F33}.Debug|Any CPU.ActiveCfg = Debug|Any CPU
		{843FCF1A-9426-ABF9-7341-94EF36C83F33}.Debug|Any CPU.Build.0 = Debug|Any CPU
		{843FCF1A-9426-ABF9-7341-94EF36C83F33}.Release|Any CPU.ActiveCfg = Release|Any CPU
		{843FCF1A-9426-ABF9-7341-94EF36C83F33}.Release|Any CPU.Build.0 = Release|Any CPU
	EndGlobalSection
	GlobalSection(SolutionProperties) = preSolution
		HideSolutionNode = FALSE
	EndGlobalSection
	GlobalSection(ExtensibilityGlobals) = postSolution
		SolutionGuid = {13D0ECF6-6327-4367-B791-79247AFB86E8}
	EndGlobalSection
EndGlobal
